
Microsoft Visual Studio Solution File, Format Version 12.00
# Visual Studio Version 17
VisualStudioVersion = 17.4.33122.133
MinimumVisualStudioVersion = 10.0.40219.1
Project("{FAE04EC0-301F-11D3-BF4B-00C04F79EFBC}") = "fragrance", "fragrance\fragrance.csproj", "{6BE77223-1DAD-4180-A60A-E8DAC3836B3C}"
EndProject
Global
	GlobalSection(SolutionConfigurationPlatforms) = preSolution
		Debug|Any CPU = Debug|Any CPU
		Release|Any CPU = Release|Any CPU
	EndGlobalSection
	GlobalSection(ProjectConfigurationPlatforms) = postSolution
		{6BE77223-1DAD-4180-A60A-E8DAC3836B3C}.Debug|Any CPU.ActiveCfg = Debug|Any CPU
		{6BE77223-1DAD-4180-A60A-E8DAC3836B3C}.Debug|Any CPU.Build.0 = Debug|Any CPU
		{6BE77223-1DAD-4180-A60A-E8DAC3836B3C}.Release|Any CPU.ActiveCfg = Release|Any CPU
		{6BE77223-1DAD-4180-A60A-E8DAC3836B3C}.Release|Any CPU.Build.0 = Release|Any CPU
	EndGlobalSection
	GlobalSection(SolutionProperties) = preSolution
		HideSolutionNode = FALSE
	EndGlobalSection
	GlobalSection(ExtensibilityGlobals) = postSolution
		SolutionGuid = {093E39BD-30CA-4598-B7CA-90351C50E2F0}
	EndGlobalSection
EndGlobal
